Microsoft Visual Studio Solution File, Format Version 12.00
# Visual Studio Version 17
VisualStudioVersion = 17.5.2.0
MinimumVisualStudioVersion = 10.0.40219.1
Project("{2150E333-8FDC-42A3-9474-1A3956D46DE8}") = "server", "server", "{DAD03CFC-D5FA-AC94-41C7-9ABAB326F09E}"
EndProject
Project("{FAE04EC0-301F-11D3-BF4B-00C04F79EFBC}") = "BeerWorkshop.Api", "server\BeerWorkshop.Api\BeerWorkshop.Api.csproj", "{2A238C30-4FAC-7AE8-3273-06D6E79DECF8}"
EndProject
Project("{FAE04EC0-301F-11D3-BF4B-00C04F79EFBC}") = "BeerWorkshop.Application", "server\BeerWorkshop.Application\BeerWorkshop.Application.csproj", "{81014780-7C7D-A4C8-7B4B-C977033CE944}"
EndProject
Project("{FAE04EC0-301F-11D3-BF4B-00C04F79EFBC}") = "BeerWorkshop.Database", "server\BeerWorkshop.Database\BeerWorkshop.Database.csproj", "{322CE7AD-3962-6566-0193-DB19A7D31CB7}"
EndProject
Global
	GlobalSection(SolutionConfigurationPlatforms) = preSolution
		Debug|Any CPU = Debug|Any CPU
		Release|Any CPU = Release|Any CPU
	EndGlobalSection
	GlobalSection(ProjectConfigurationPlatforms) = postSolution
		{2A238C30-4FAC-7AE8-3273-06D6E79DECF8}.Debug|Any CPU.ActiveCfg = Debug|Any CPU
		{2A238C30-4FAC-7AE8-3273-06D6E79DECF8}.Debug|Any CPU.Build.0 = Debug|Any CPU
		{2A238C30-4FAC-7AE8-3273-06D6E79DECF8}.Release|Any CPU.ActiveCfg = Release|Any CPU
		{2A238C30-4FAC-7AE8-3273-06D6E79DECF8}.Release|Any CPU.Build.0 = Release|Any CPU
		{81014780-7C7D-A4C8-7B4B-C977033CE944}.Debug|Any CPU.ActiveCfg = Debug|Any CPU
		{81014780-7C7D-A4C8-7B4B-C977033CE944}.Debug|Any CPU.Build.0 = Debug|Any CPU
		{81014780-7C7D-A4C8-7B4B-C977033CE944}.Release|Any CPU.ActiveCfg = Release|Any CPU
		{81014780-7C7D-A4C8-7B4B-C977033CE944}.Release|Any CPU.Build.0 = Release|Any CPU
		{322CE7AD-3962-6566-0193-DB19A7D31CB7}.Debug|Any CPU.ActiveCfg = Debug|Any CPU
		{322CE7AD-3962-6566-0193-DB19A7D31CB7}.Debug|Any CPU.Build.0 = Debug|Any CPU
		{322CE7AD-3962-6566-0193-DB19A7D31CB7}.Release|Any CPU.ActiveCfg = Release|Any CPU
		{322CE7AD-3962-6566-0193-DB19A7D31CB7}.Release|Any CPU.Build.0 = Release|Any CPU
	EndGlobalSection
	GlobalSection(SolutionProperties) = preSolution
		HideSolutionNode = FALSE
	EndGlobalSection
	GlobalSection(NestedProjects) = preSolution
		{2A238C30-4FAC-7AE8-3273-06D6E79DECF8} = {DAD03CFC-D5FA-AC94-41C7-9ABAB326F09E}
		{81014780-7C7D-A4C8-7B4B-C977033CE944} = {DAD03CFC-D5FA-AC94-41C7-9ABAB326F09E}
		{322CE7AD-3962-6566-0193-DB19A7D31CB7} = {DAD03CFC-D5FA-AC94-41C7-9ABAB326F09E}
	EndGlobalSection
	GlobalSection(ExtensibilityGlobals) = postSolution
		SolutionGuid = {5DA9CAEE-3E33-4A68-8381-9EB394DCD947}
	EndGlobalSection
EndGlobal
